
Microsoft Visual Studio Solution File, Format Version 12.00
# Visual Studio Version 16
VisualStudioVersion = 25.0.1703.0
MinimumVisualStudioVersion = 10.0.40219.1
Project("{FAE04EC0-301F-11D3-BF4B-00C04F79EFBC}") = "DZ_SHARP3", "DZ_SHARP3\DZ_SHARP3.csproj", "{2CFDEC8F-CBD6-4F3C-8913-3284247205A0}"
EndProject
Global
	GlobalSection(SolutionConfigurationPlatforms) = preSolution
		Debug|Any CPU = Debug|Any CPU
		Release|Any CPU = Release|Any CPU
	EndGlobalSection
	GlobalSection(ProjectConfigurationPlatforms) = postSolution
		{2CFDEC8F-CBD6-4F3C-8913-3284247205A0}.Debug|Any CPU.ActiveCfg = Debug|Any CPU
		{2CFDEC8F-CBD6-4F3C-8913-3284247205A0}.Debug|Any CPU.Build.0 = Debug|Any CPU
		{2CFDEC8F-CBD6-4F3C-8913-3284247205A0}.Release|Any CPU.ActiveCfg = Release|Any CPU
		{2CFDEC8F-CBD6-4F3C-8913-3284247205A0}.Release|Any CPU.Build.0 = Release|Any CPU
	EndGlobalSection
	GlobalSection(SolutionProperties) = preSolution
		HideSolutionNode = FALSE
	EndGlobalSection
	GlobalSection(ExtensibilityGlobals) = postSolution
		SolutionGuid = {AD020F68-3ED3-4D84-8CBE-1770138F5A14}
	EndGlobalSection
EndGlobal
